Microsoft Visual Studio Solution File, Format Version 12.00
# Visual Studio 2012
Project("{FAE04EC0-301F-11D3-BF4B-00C04F79EFBC}") = "Repos", "Repos.csproj", "{ABCF76FC-1B54-4C38-8DCD-6EECFEC78580}"
EndProject
Global
	GlobalSection(SolutionConfigurationPlatforms) = preSolution
	Debug|Any CPU = Debug|Any CPU
	ExportDebug|Any CPU = ExportDebug|Any CPU
	ExportRelease|Any CPU = ExportRelease|Any CPU
	EndGlobalSection
	GlobalSection(ProjectConfigurationPlatforms) = postSolution
		{ABCF76FC-1B54-4C38-8DCD-6EECFEC78580}.Debug|Any CPU.ActiveCfg = Debug|Any CPU
		{ABCF76FC-1B54-4C38-8DCD-6EECFEC78580}.Debug|Any CPU.Build.0 = Debug|Any CPU
		{ABCF76FC-1B54-4C38-8DCD-6EECFEC78580}.ExportDebug|Any CPU.ActiveCfg = ExportDebug|Any CPU
		{ABCF76FC-1B54-4C38-8DCD-6EECFEC78580}.ExportDebug|Any CPU.Build.0 = ExportDebug|Any CPU
		{ABCF76FC-1B54-4C38-8DCD-6EECFEC78580}.ExportRelease|Any CPU.ActiveCfg = ExportRelease|Any CPU
		{ABCF76FC-1B54-4C38-8DCD-6EECFEC78580}.ExportRelease|Any CPU.Build.0 = ExportRelease|Any CPU
	EndGlobalSection
EndGlobal
